
Microsoft Visual Studio Solution File, Format Version 12.00
# Visual Studio Version 16
VisualStudioVersion = 16.0.29215.179
MinimumVisualStudioVersion = 10.0.40219.1
Project("{FAE04EC0-301F-11D3-BF4B-00C04F79EFBC}") = "MaquinaCasino", "MaquinaCasino\MaquinaCasino.csproj", "{78B20CD5-2DEA-435D-894D-C60E4C513889}"
EndProject
Global
	GlobalSection(SolutionConfigurationPlatforms) = preSolution
		Debug|Any CPU = Debug|Any CPU
		Release|Any CPU = Release|Any CPU
	EndGlobalSection
	GlobalSection(ProjectConfigurationPlatforms) = postSolution
		{78B20CD5-2DEA-435D-894D-C60E4C513889}.Debug|Any CPU.ActiveCfg = Debug|Any CPU
		{78B20CD5-2DEA-435D-894D-C60E4C513889}.Debug|Any CPU.Build.0 = Debug|Any CPU
		{78B20CD5-2DEA-435D-894D-C60E4C513889}.Release|Any CPU.ActiveCfg = Release|Any CPU
		{78B20CD5-2DEA-435D-894D-C60E4C513889}.Release|Any CPU.Build.0 = Release|Any CPU
	EndGlobalSection
	GlobalSection(SolutionProperties) = preSolution
		HideSolutionNode = FALSE
	EndGlobalSection
	GlobalSection(ExtensibilityGlobals) = postSolution
		SolutionGuid = {BCD9A96C-2A12-46ED-9BF9-9CCD26899A78}
	EndGlobalSection
EndGlobal
